
Microsoft Visual Studio Solution File, Format Version 12.00
# Visual Studio Version 17
VisualStudioVersion = 17.11.35312.102
MinimumVisualStudioVersion = 10.0.40219.1
Project("{FAE04EC0-301F-11D3-BF4B-00C04F79EFBC}") = "GameStore", "GameStore.csproj", "{202C9CAE-1D5C-4772-A495-4483EF4A7489}"
EndProject
Global
	GlobalSection(SolutionConfigurationPlatforms) = preSolution
		Debug|Any CPU = Debug|Any CPU
		Release|Any CPU = Release|Any CPU
	EndGlobalSection
	GlobalSection(ProjectConfigurationPlatforms) = postSolution
		{202C9CAE-1D5C-4772-A495-4483EF4A7489}.Debug|Any CPU.ActiveCfg = Debug|Any CPU
		{202C9CAE-1D5C-4772-A495-4483EF4A7489}.Debug|Any CPU.Build.0 = Debug|Any CPU
		{202C9CAE-1D5C-4772-A495-4483EF4A7489}.Release|Any CPU.ActiveCfg = Release|Any CPU
		{202C9CAE-1D5C-4772-A495-4483EF4A7489}.Release|Any CPU.Build.0 = Release|Any CPU
	EndGlobalSection
	GlobalSection(SolutionProperties) = preSolution
		HideSolutionNode = FALSE
	EndGlobalSection
	GlobalSection(ExtensibilityGlobals) = postSolution
		SolutionGuid = {76CEE508-364C-4AA0-8293-60DBAB268275}
	EndGlobalSection
EndGlobal
